
Microsoft Visual Studio Solution File, Format Version 12.00
# Visual Studio Version 17
VisualStudioVersion = 17.11.35312.102
MinimumVisualStudioVersion = 10.0.40219.1
Project("{9A19103F-16F7-4668-BE54-9A1E7A4F7556}") = "Cority.AuthLibrary", "AuthLibrary\Cority.AuthLibrary.csproj", "{99900C84-B5DE-496A-AE55-7E1A9558388B}"
EndProject
Project("{FAE04EC0-301F-11D3-BF4B-00C04F79EFBC}") = "Cority.AuthLibrary.UnitTests", "AuthLibrary.UnitTests\Cority.AuthLibrary.UnitTests.csproj", "{C503AD38-1FA2-42AD-B6AA-0AB34B0AB438}"
EndProject
Global
	GlobalSection(SolutionConfigurationPlatforms) = preSolution
		Debug|Any CPU = Debug|Any CPU
		Release|Any CPU = Release|Any CPU
	EndGlobalSection
	GlobalSection(ProjectConfigurationPlatforms) = postSolution
		{99900C84-B5DE-496A-AE55-7E1A9558388B}.Debug|Any CPU.ActiveCfg = Debug|Any CPU
		{99900C84-B5DE-496A-AE55-7E1A9558388B}.Debug|Any CPU.Build.0 = Debug|Any CPU
		{99900C84-B5DE-496A-AE55-7E1A9558388B}.Release|Any CPU.ActiveCfg = Release|Any CPU
		{99900C84-B5DE-496A-AE55-7E1A9558388B}.Release|Any CPU.Build.0 = Release|Any CPU
		{C503AD38-1FA2-42AD-B6AA-0AB34B0AB438}.Debug|Any CPU.ActiveCfg = Debug|Any CPU
		{C503AD38-1FA2-42AD-B6AA-0AB34B0AB438}.Debug|Any CPU.Build.0 = Debug|Any CPU
		{C503AD38-1FA2-42AD-B6AA-0AB34B0AB438}.Release|Any CPU.ActiveCfg = Release|Any CPU
		{C503AD38-1FA2-42AD-B6AA-0AB34B0AB438}.Release|Any CPU.Build.0 = Release|Any CPU
	EndGlobalSection
	GlobalSection(SolutionProperties) = preSolution
		HideSolutionNode = FALSE
	EndGlobalSection
	GlobalSection(ExtensibilityGlobals) = postSolution
		SolutionGuid = {121CA97E-66F7-406F-85D2-FC021D941E62}
	EndGlobalSection
EndGlobal
